
Microsoft Visual Studio Solution File, Format Version 12.00
# Visual Studio Version 16
VisualStudioVersion = 16.0.31410.357
MinimumVisualStudioVersion = 10.0.40219.1
Project("{FAE04EC0-301F-11D3-BF4B-00C04F79EFBC}") = "BookStore", "BookStore\BookStore.csproj", "{88F2A24F-EBD2-4EBF-9439-392CB7815B2D}"
EndProject
Global
	GlobalSection(SolutionConfigurationPlatforms) = preSolution
		Debug|Any CPU = Debug|Any CPU
		Release|Any CPU = Release|Any CPU
	EndGlobalSection
	GlobalSection(ProjectConfigurationPlatforms) = postSolution
		{88F2A24F-EBD2-4EBF-9439-392CB7815B2D}.Debug|Any CPU.ActiveCfg = Debug|Any CPU
		{88F2A24F-EBD2-4EBF-9439-392CB7815B2D}.Debug|Any CPU.Build.0 = Debug|Any CPU
		{88F2A24F-EBD2-4EBF-9439-392CB7815B2D}.Release|Any CPU.ActiveCfg = Release|Any CPU
		{88F2A24F-EBD2-4EBF-9439-392CB7815B2D}.Release|Any CPU.Build.0 = Release|Any CPU
	EndGlobalSection
	GlobalSection(SolutionProperties) = preSolution
		HideSolutionNode = FALSE
	EndGlobalSection
	GlobalSection(ExtensibilityGlobals) = postSolution
		SolutionGuid = {5BB50376-5CC3-4F79-9585-E28D1ABA3D02}
	EndGlobalSection
EndGlobal
